// !$*UTF8*$!
{
	archiveVersion = 1;
	classes = {
	};
	objectVersion = 56;
	objects = {

/* Begin PBXBuildFile section */
		5648A7552F47CCE1005CF747 /* todofull_app_swiftuiApp.swift in Sources */ = {isa = PBXBuildFile; fileRef = 5648A7542F47CCE1005CF747 /* todofull_app_swiftuiApp.swift */; };
		5648A7572F47CCE1005CF747 /* ContentView.swift in Sources */ = {isa = PBXBuildFile; fileRef = 5648A7562F47CCE1005CF747 /* ContentView.swift */; };
		5648A7592F47CCE3005CF747 /* Assets.xcassets in Resources */ = {isa = PBXBuildFile; fileRef = 5648A7582F47CCE3005CF747 /* Assets.xcassets */; };
		5648A75C2F47CCE3005CF747 /* Preview Assets.xcassets in Resources */ = {isa = PBXBuildFile; fileRef = 5648A75B2F47CCE3005CF747 /* Preview Assets.xcassets */; };
		5648A7632F47CD20005CF747 /* todofull_login.swift in Sources */ = {isa = PBXBuildFile; fileRef = 5648A7622F47CD20005CF747 /* todofull_login.swift */; };
		5648A7652F47CDCA005CF747 /* todofull_signup.swift in Sources */ = {isa = PBXBuildFile; fileRef = 5648A7642F47CDCA005CF747 /* todofull_signup.swift */; };
		565A6D022F4FBA58003B37BD /* CoreData.framework in Frameworks */ = {isa = PBXBuildFile; fileRef = 565A6D012F4FBA58003B37BD /* CoreData.framework */; };
		565A6D052F4FBAE3003B37BD /* UserData.xcdatamodeld in Sources */ = {isa = PBXBuildFile; fileRef = 565A6D032F4FBAE3003B37BD /* UserData.xcdatamodeld */; };
		56BCFC792F47DB9E0003306A /* todofull_home.swift in Sources */ = {isa = PBXBuildFile; fileRef = 56BCFC782F47DB9E0003306A /* todofull_home.swift */; };
		56DDB4EA2F526211006C33C7 /* swift.swift in Sources */ = {isa = PBXBuildFile; fileRef = 56DDB4E92F526211006C33C7 /* swift.swift */; };
/* End PBXBuildFile section */

/* Begin PBXFileReference section */
		5648A7512F47CCE1005CF747 /* todofull_app_swiftui.app */ = {isa = PBXFileReference; explicitFileType = wrapper.application; includeInIndex = 0; path = todofull_app_swiftui.app; sourceTree = BUILT_PRODUCTS_DIR; };
		5648A7542F47CCE1005CF747 /* todofull_app_swiftuiApp.swift */ = {isa = PBXFileReference; lastKnownFileType = sourcecode.swift; path = todofull_app_swiftuiApp.swift; sourceTree = "<group>"; };
		5648A7562F47CCE1005CF747 /* ContentView.swift */ = {isa = PBXFileReference; lastKnownFileType = sourcecode.swift; path = ContentView.swift; sourceTree = "<group>"; };
		5648A7582F47CCE3005CF747 /* Assets.xcassets */ = {isa = PBXFileReference; lastKnownFileType = folder.assetcatalog; path = Assets.xcassets; sourceTree = "<group>"; };
		5648A75B2F47CCE3005CF747 /* Preview Assets.xcassets */ = {isa = PBXFileReference; lastKnownFileType = folder.assetcatalog; path = "Preview Assets.xcassets"; sourceTree = "<group>"; };
		5648A7622F47CD20005CF747 /* todofull_login.swift */ = {isa = PBXFileReference; lastKnownFileType = sourcecode.swift; path = todofull_login.swift; sourceTree = "<group>"; };
		5648A7642F47CDCA005CF747 /* todofull_signup.swift */ = {isa = PBXFileReference; lastKnownFileType = sourcecode.swift; path = todofull_signup.swift; sourceTree = "<group>"; };
		565A6D012F4FBA58003B37BD /* CoreData.framework */ = {isa = PBXFileReference; lastKnownFileType = wrapper.framework; name = CoreData.framework; path = System/Library/Frameworks/CoreData.framework; sourceTree = SDKROOT; };
		565A6D042F4FBAE3003B37BD /* UserData.xcdatamodel */ = {isa = PBXFileReference; lastKnownFileType = wrapper.xcdatamodel; path = UserData.xcdatamodel; sourceTree = "<group>"; };
		56BCFC782F47DB9E0003306A /* todofull_home.swift */ = {isa = PBXFileReference; lastKnownFileType = sourcecode.swift; path = todofull_home.swift; sourceTree = "<group>"; };
		56DDB4E92F526211006C33C7 /* swift.swift */ = {isa = PBXFileReference; lastKnownFileType = sourcecode.swift; path = swift.swift; sourceTree = "<group>"; };
/* End PBXFileReference section */

/* Begin PBXFrameworksBuildPhase section */
		5648A74E2F47CCE1005CF747 /* Frameworks */ = {
			isa = PBXFrameworksBuildPhase;
			buildActionMask = 2147483647;
			files = (
				565A6D022F4FBA58003B37BD /* CoreData.framework in Frameworks */,
			);
			runOnlyForDeploymentPostprocessing = 0;
		};
/* End PBXFrameworksBuildPhase section */

/* Begin PBXGroup section */
		5648A7482F47CCE1005CF747 = {
			isa = PBXGroup;
			children = (
				5648A7532F47CCE1005CF747 /* todofull_app_swiftui */,
				5648A7522F47CCE1005CF747 /* Products */,
				565A6D002F4FBA58003B37BD /* Frameworks */,
			);
			sourceTree = "<group>";
		};
		5648A7522F47CCE1005CF747 /* Products */ = {
			isa = PBXGroup;
			children = (
				5648A7512F47CCE1005CF747 /* todofull_app_swiftui.app */,
			);
			name = Products;
			sourceTree = "<group>";
		};
		5648A7532F47CCE1005CF747 /* todofull_app_swiftui */ = {
			isa = PBXGroup;
			children = (
				5648A7542F47CCE1005CF747 /* todofull_app_swiftuiApp.swift */,
				5648A7562F47CCE1005CF747 /* ContentView.swift */,
				5648A7582F47CCE3005CF747 /* Assets.xcassets */,
				56DDB4E92F526211006C33C7 /* swift.swift */,
				5648A75A2F47CCE3005CF747 /* Preview Content */,
				5648A7622F47CD20005CF747 /* todofull_login.swift */,
				5648A7642F47CDCA005CF747 /* todofull_signup.swift */,
				56BCFC782F47DB9E0003306A /* todofull_home.swift */,
				565A6D032F4FBAE3003B37BD /* UserData.xcdatamodeld */,
			);
			path = todofull_app_swiftui;
			sourceTree = "<group>";
		};
		5648A75A2F47CCE3005CF747 /* Preview Content */ = {
			isa = PBXGroup;
			children = (
				5648A75B2F47CCE3005CF747 /* Preview Assets.xcassets */,
			);
			path = "Preview Content";
			sourceTree = "<group>";
		};
		565A6D002F4FBA58003B37BD /* Frameworks */ = {
			isa = PBXGroup;
			children = (
				565A6D012F4FBA58003B37BD /* CoreData.framework */,
			);
			name = Frameworks;
			sourceTree = "<group>";
		};
/* End PBXGroup section */

/* Begin PBXNativeTarget section */
		5648A7502F47CCE1005CF747 /* todofull_app_swiftui */ = {
			isa = PBXNativeTarget;
			buildConfigurationList = 5648A75F2F47CCE3005CF747 /* Build configuration list for PBXNativeTarget "todofull_app_swiftui" */;
			buildPhases = (
				5648A74D2F47CCE1005CF747 /* Sources */,
				5648A74E2F47CCE1005CF747 /* Frameworks */,
				5648A74F2F47CCE1005CF747 /* Resources */,
			);
			buildRules = (
			);
			dependencies = (
			);
			name = todofull_app_swiftui;
			productName = todofull_app_swiftui;
			productReference = 5648A7512F47CCE1005CF747 /* todofull_app_swiftui.app */;
			productType = "com.apple.product-type.application";
		};
/* End PBXNativeTarget section */

/* Begin PBXProject section */
		5648A7492F47CCE1005CF747 /* Project object */ = {
			isa = PBXProject;
			attributes = {
				BuildIndependentTargetsInParallel = 1;
				LastSwiftUpdateCheck = 1540;
				LastUpgradeCheck = 1540;
				TargetAttributes = {
					5648A7502F47CCE1005CF747 = {
						CreatedOnToolsVersion = 15.4;
					};
				};
			};
			buildConfigurationList = 5648A74C2F47CCE1005CF747 /* Build configuration list for PBXProject "todofull_app_swiftui" */;
			compatibilityVersion = "Xcode 14.0";
			developmentRegion = en;
			hasScannedForEncodings = 0;
			knownRegions = (
				en,
				Base,
			);
			mainGroup = 5648A7482F47CCE1005CF747;
			productRefGroup = 5648A7522F47CCE1005CF747 /* Products */;
			projectDirPath = "";
			projectRoot = "";
			targets = (
				5648A7502F47CCE1005CF747 /* todofull_app_swiftui */,
			);
		};
/* End PBXProject section */

/* Begin PBXResourcesBuildPhase section */
		5648A74F2F47CCE1005CF747 /* Resources */ = {
			isa = PBXResourcesBuildPhase;
			buildActionMask = 2147483647;
			files = (
				5648A75C2F47CCE3005CF747 /* Preview Assets.xcassets in Resources */,
				5648A7592F47CCE3005CF747 /* Assets.xcassets in Resources */,
			);
			runOnlyForDeploymentPostprocessing = 0;
		};
/* End PBXResourcesBuildPhase section */

/* Begin PBXSourcesBuildPhase section */
		5648A74D2F47CCE1005CF747 /* Sources */ = {
			isa = PBXSourcesBuildPhase;
			buildActionMask = 2147483647;
			files = (
				565A6D052F4FBAE3003B37BD /* UserData.xcdatamodeld in Sources */,
				5648A7572F47CCE1005CF747 /* ContentView.swift in Sources */,
				5648A7552F47CCE1005CF747 /* todofull_app_swiftuiApp.swift in Sources */,
				56BCFC792F47DB9E0003306A /* todofull_home.swift in Sources */,
				5648A7652F47CDCA005CF747 /* todofull_signup.swift in Sources */,
				56DDB4EA2F526211006C33C7 /* swift.swift in Sources */,
				5648A7632F47CD20005CF747 /* todofull_login.swift in Sources */,
			);
			runOnlyForDeploymentPostprocessing = 0;
		};
/* End PBXSourcesBuildPhase section */

/* Begin XCBuildConfiguration section */
		5648A75D2F47CCE3005CF747 /* Debug */ = {
			isa = XCBuildConfiguration;
			buildSettings = {
				ALWAYS_SEARCH_USER_PATHS = NO;
				ASSETCATALOG_COMPILER_GENERATE_SWIFT_ASSET_SYMBOL_EXTENSIONS = YES;
				CLANG_ANALYZER_NONNULL = YES;
				CLANG_ANALYZER_NUMBER_OBJECT_CONVERSION = YES_AGGRESSIVE;
				CLANG_CXX_LANGUAGE_STANDARD = "gnu++20";
				CLANG_ENABLE_MODULES = YES;
				CLANG_ENABLE_OBJC_ARC = YES;
				CLANG_ENABLE_OBJC_WEAK = YES;
				CLANG_WARN_BLOCK_CAPTURE_AUTORELEASING = YES;
				CLANG_WARN_BOOL_CONVERSION = YES;
				CLANG_WARN_COMMA = YES;
				CLANG_WARN_CONSTANT_CONVERSION = YES;
				CLANG_WARN_DEPRECATED_OBJC_IMPLEMENTATIONS = YES;
				CLANG_WARN_DIRECT_OBJC_ISA_USAGE = YES_ERROR;
				CLANG_WARN_DOCUMENTATION_COMMENTS = YES;
				CLANG_WARN_EMPTY_BODY = YES;
				CLANG_WARN_ENUM_CONVERSION = YES;
				CLANG_WARN_INFINITE_RECURSION = YES;
				CLANG_WARN_INT_CONVERSION = YES;
				CLANG_WARN_NON_LITERAL_NULL_CONVERSION = YES;
				CLANG_WARN_OBJC_IMPLICIT_RETAIN_SELF = YES;
				CLANG_WARN_OBJC_LITERAL_CONVERSION = YES;
				CLANG_WARN_OBJC_ROOT_CLASS = YES_ERROR;
				CLANG_WARN_QUOTED_INCLUDE_IN_FRAMEWORK_HEADER = YES;
				CLANG_WARN_RANGE_LOOP_ANALYSIS = YES;
				CLANG_WARN_STRICT_PROTOTYPES = YES;
				CLANG_WARN_SUSPICIOUS_MOVE = YES;
				CLANG_WARN_UNGUARDED_AVAILABILITY = YES_AGGRESSIVE;
				CLANG_WARN_UNREACHABLE_CODE = YES;
				CLANG_WARN__DUPLICATE_METHOD_MATCH = YES;
				COPY_PHASE_STRIP = NO;
				DEBUG_INFORMATION_FORMAT = dwarf;
				ENABLE_STRICT_OBJC_MSGSEND = YES;
				ENABLE_TESTABILITY = YES;
				ENABLE_USER_SCRIPT_SANDBOXING = YES;
				GCC_C_LANGUAGE_STANDARD = gnu17;
				GCC_DYNAMIC_NO_PIC = NO;
				GCC_NO_COMMON_BLOCKS = YES;
				GCC_OPTIMIZATION_LEVEL = 0;
				GCC_PREPROCESSOR_DEFINITIONS = (
					"DEBUG=1",
					"$(inherited)",
				);
				GCC_WARN_64_TO_32_BIT_CONVERSION = YES;
				GCC_WARN_ABOUT_RETURN_TYPE = YES_ERROR;
				GCC_WARN_UNDECLARED_SELECTOR = YES;
				GCC_WARN_UNINITIALIZED_AUTOS = YES_AGGRESSIVE;
				GCC_WARN_UNUSED_FUNCTION = YES;
				GCC_WARN_UNUSED_VARIABLE = YES;
				IPHONEOS_DEPLOYMENT_TARGET = 17.5;
				LOCALIZATION_PREFERS_STRING_CATALOGS = YES;
				MTL_ENABLE_DEBUG_INFO = INCLUDE_SOURCE;
				MTL_FAST_MATH = YES;
				ONLY_ACTIVE_ARCH = YES;
				SDKROOT = iphoneos;
				SWIFT_ACTIVE_COMPILATION_CONDITIONS = "DEBUG $(inherited)";
				SWIFT_OPTIMIZATION_LEVEL = "-Onone";
			};
			name = Debug;
		};
		5648A75E2F47CCE3005CF747 /* Release */ = {
			isa = XCBuildConfiguration;
			buildSettings = {
				ALWAYS_SEARCH_USER_PATHS = NO;
				ASSETCATALOG_COMPILER_GENERATE_SWIFT_ASSET_SYMBOL_EXTENSIONS = YES;
				CLANG_ANALYZER_NONNULL = YES;
				CLANG_ANALYZER_NUMBER_OBJECT_CONVERSION = YES_AGGRESSIVE;
				CLANG_CXX_LANGUAGE_STANDARD = "gnu++20";
				CLANG_ENABLE_MODULES = YES;
				CLANG_ENABLE_OBJC_ARC = YES;
				CLANG_ENABLE_OBJC_WEAK = YES;
				CLANG_WARN_BLOCK_CAPTURE_AUTORELEASING = YES;
				CLANG_WARN_BOOL_CONVERSION = YES;
				CLANG_WARN_COMMA = YES;
				CLANG_WARN_CONSTANT_CONVERSION = YES;
				CLANG_WARN_DEPRECATED_OBJC_IMPLEMENTATIONS = YES;
				CLANG_WARN_DIRECT_OBJC_ISA_USAGE = YES_ERROR;
				CLANG_WARN_DOCUMENTATION_COMMENTS = YES;
				CLANG_WARN_EMPTY_BODY = YES;
				CLANG_WARN_ENUM_CONVERSION = YES;
				CLANG_WARN_INFINITE_RECURSION = YES;
				CLANG_WARN_INT_CONVERSION = YES;
				CLANG_WARN_NON_LITERAL_NULL_CONVERSION = YES;
				CLANG_WARN_OBJC_IMPLICIT_RETAIN_SELF = YES;
				CLANG_WARN_OBJC_LITERAL_CONVERSION = YES;
				CLANG_WARN_OBJC_ROOT_CLASS = YES_ERROR;
				CLANG_WARN_QUOTED_INCLUDE_IN_FRAMEWORK_HEADER = YES;
				CLANG_WARN_RANGE_LOOP_ANALYSIS = YES;
				CLANG_WARN_STRICT_PROTOTYPES = YES;
				CLANG_WARN_SUSPICIOUS_MOVE = YES;
				CLANG_WARN_UNGUARDED_AVAILABILITY = YES_AGGRESSIVE;
				CLANG_WARN_UNREACHABLE_CODE = YES;
				CLANG_WARN__DUPLICATE_METHOD_MATCH = YES;
				COPY_PHASE_STRIP = NO;
				DEBUG_INFORMATION_FORMAT = "dwarf-with-dsym";
				ENABLE_NS_ASSERTIONS = NO;
				ENABLE_STRICT_OBJC_MSGSEND = YES;
				ENABLE_USER_SCRIPT_SANDBOXING = YES;
				GCC_C_LANGUAGE_STANDARD = gnu17;
				GCC_NO_COMMON_BLOCKS = YES;
				GCC_WARN_64_TO_32_BIT_CONVERSION = YES;
				GCC_WARN_ABOUT_RETURN_TYPE = YES_ERROR;
				GCC_WARN_UNDECLARED_SELECTOR = YES;
				GCC_WARN_UNINITIALIZED_AUTOS = YES_AGGRESSIVE;
				GCC_WARN_UNUSED_FUNCTION = YES;
				GCC_WARN_UNUSED_VARIABLE = YES;
				IPHONEOS_DEPLOYMENT_TARGET = 17.5;
				LOCALIZATION_PREFERS_STRING_CATALOGS = YES;
				MTL_ENABLE_DEBUG_INFO = NO;
				MTL_FAST_MATH = YES;
				SDKROOT = iphoneos;
				SWIFT_COMPILATION_MODE = wholemodule;
				VALIDATE_PRODUCT = YES;
			};
			name = Release;
		};
		5648A7602F47CCE3005CF747 /* Debug */ = {
			isa = XCBuildConfiguration;
			buildSettings = {
				ASSETCATALOG_COMPILER_APPICON_NAME = AppIcon;
				ASSETCATALOG_COMPILER_GLOBAL_ACCENT_COLOR_NAME = AccentColor;
				CODE_SIGN_STYLE = Automatic;
				CURRENT_PROJECT_VERSION = 1;
				DEVELOPMENT_ASSET_PATHS = "\"todofull_app_swiftui/Preview Content\"";
				ENABLE_PREVIEWS = YES;
				GENERATE_INFOPLIST_FILE = YES;
				INFOPLIST_KEY_UIApplicationSceneManifest_Generation = YES;
				INFOPLIST_KEY_UIApplicationSupportsIndirectInputEvents = YES;
				INFOPLIST_KEY_UILaunchScreen_Generation = YES;
				INFOPLIST_KEY_UISupportedInterfaceOrientations_iPad = "UIInterfaceOrientationPortrait UIInterfaceOrientationPortraitUpsideDown UIInterfaceOrientationLandscapeLeft UIInterfaceOrientationLandscapeRight";
				INFOPLIST_KEY_UISupportedInterfaceOrientations_iPhone = "UIInterfaceOrientationPortrait UIInterfaceOrientationLandscapeLeft UIInterfaceOrientationLandscapeRight";
				LD_RUNPATH_SEARCH_PATHS = (
					"$(inherited)",
					"@executable_path/Frameworks",
				);
				MARKETING_VERSION = 1.0;
				PRODUCT_BUNDLE_IDENTIFIER = "com.learn.todofull-app-swiftui";
				PRODUCT_NAME = "$(TARGET_NAME)";
				SWIFT_EMIT_LOC_STRINGS = YES;
				SWIFT_VERSION = 5.0;
				TARGETED_DEVICE_FAMILY = "1,2";
			};
			name = Debug;
		};
		5648A7612F47CCE3005CF747 /* Release */ = {
			isa = XCBuildConfiguration;
			buildSettings = {
				ASSETCATALOG_COMPILER_APPICON_NAME = AppIcon;
				ASSETCATALOG_COMPILER_GLOBAL_ACCENT_COLOR_NAME = AccentColor;
				CODE_SIGN_STYLE = Automatic;
				CURRENT_PROJECT_VERSION = 1;
				DEVELOPMENT_ASSET_PATHS = "\"todofull_app_swiftui/Preview Content\"";
				ENABLE_PREVIEWS = YES;
				GENERATE_INFOPLIST_FILE = YES;
				INFOPLIST_KEY_UIApplicationSceneManifest_Generation = YES;
				INFOPLIST_KEY_UIApplicationSupportsIndirectInputEvents = YES;
				INFOPLIST_KEY_UILaunchScreen_Generation = YES;
				INFOPLIST_KEY_UISupportedInterfaceOrientations_iPad = "UIInterfaceOrientationPortrait UIInterfaceOrientationPortraitUpsideDown UIInterfaceOrientationLandscapeLeft UIInterfaceOrientationLandscapeRight";
				INFOPLIST_KEY_UISupportedInterfaceOrientations_iPhone = "UIInterfaceOrientationPortrait UIInterfaceOrientationLandscapeLeft UIInterfaceOrientationLandscapeRight";
				LD_RUNPATH_SEARCH_PATHS = (
					"$(inherited)",
					"@executable_path/Frameworks",
				);
				MARKETING_VERSION = 1.0;
				PRODUCT_BUNDLE_IDENTIFIER = "com.learn.todofull-app-swiftui";
				PRODUCT_NAME = "$(TARGET_NAME)";
				SWIFT_EMIT_LOC_STRINGS = YES;
				SWIFT_VERSION = 5.0;
				TARGETED_DEVICE_FAMILY = "1,2";
			};
			name = Release;
		};
/* End XCBuildConfiguration section */

/* Begin XCConfigurationList section */
		5648A74C2F47CCE1005CF747 /* Build configuration list for PBXProject "todofull_app_swiftui" */ = {
			isa = XCConfigurationList;
			buildConfigurations = (
				5648A75D2F47CCE3005CF747 /* Debug */,
				5648A75E2F47CCE3005CF747 /* Release */,
			);
			defaultConfigurationIsVisible = 0;
			defaultConfigurationName = Release;
		};
		5648A75F2F47CCE3005CF747 /* Build configuration list for PBXNativeTarget "todofull_app_swiftui" */ = {
			isa = XCConfigurationList;
			buildConfigurations = (
				5648A7602F47CCE3005CF747 /* Debug */,
				5648A7612F47CCE3005CF747 /* Release */,
			);
			defaultConfigurationIsVisible = 0;
			defaultConfigurationName = Release;
		};
/* End XCConfigurationList section */

/* Begin XCVersionGroup section */
		565A6D032F4FBAE3003B37BD /* UserData.xcdatamodeld */ = {
			isa = XCVersionGroup;
			children = (
				565A6D042F4FBAE3003B37BD /* UserData.xcdatamodel */,
			);
			currentVersion = 565A6D042F4FBAE3003B37BD /* UserData.xcdatamodel */;
			name = UserData.xcdatamodeld;
			path = /Users/cdmi/Desktop/DHARMIN/DHARMIN_APP/todofull_app_swiftui/todofull_app_swiftui/UserData.xcdatamodeld;
			sourceTree = "<group>";
			versionGroupType = wrapper.xcdatamodel;
		};
/* End XCVersionGroup section */
	};
	rootObject = 5648A7492F47CCE1005CF747 /* Project object */;
}
